
Microsoft Visual Studio Solution File, Format Version 12.00
# Visual Studio Version 16
VisualStudioVersion = 16.0.30611.23
MinimumVisualStudioVersion = 10.0.40219.1
Project("{8BC9CEB8-8B4A-11D0-8D11-00A0C91BC942}") = "ЛР №2 Структуры и алгоритмы", "ЛР №2 Структуры и алгоритмы\ЛР №2 Структуры и алгоритмы.vcxproj", "{7EF74B41-A8DC-4F1C-A4D7-DACF40DA0E10}"
EndProject
Global
	GlobalSection(SolutionConfigurationPlatforms) = preSolution
		Debug|x64 = Debug|x64
		Debug|x86 = Debug|x86
		Release|x64 = Release|x64
		Release|x86 = Release|x86
	EndGlobalSection
	GlobalSection(ProjectConfigurationPlatforms) = postSolution
		{7EF74B41-A8DC-4F1C-A4D7-DACF40DA0E10}.Debug|x64.ActiveCfg = Debug|x64
		{7EF74B41-A8DC-4F1C-A4D7-DACF40DA0E10}.Debug|x64.Build.0 = Debug|x64
		{7EF74B41-A8DC-4F1C-A4D7-DACF40DA0E10}.Debug|x86.ActiveCfg = Debug|Win32
		{7EF74B41-A8DC-4F1C-A4D7-DACF40DA0E10}.Debug|x86.Build.0 = Debug|Win32
		{7EF74B41-A8DC-4F1C-A4D7-DACF40DA0E10}.Release|x64.ActiveCfg = Release|x64
		{7EF74B41-A8DC-4F1C-A4D7-DACF40DA0E10}.Release|x64.Build.0 = Release|x64
		{7EF74B41-A8DC-4F1C-A4D7-DACF40DA0E10}.Release|x86.ActiveCfg = Release|Win32
		{7EF74B41-A8DC-4F1C-A4D7-DACF40DA0E10}.Release|x86.Build.0 = Release|Win32
	EndGlobalSection
	GlobalSection(SolutionProperties) = preSolution
		HideSolutionNode = FALSE
	EndGlobalSection
	GlobalSection(ExtensibilityGlobals) = postSolution
		SolutionGuid = {254B7427-90A0-49C3-850F-47CB3A882718}
	EndGlobalSection
EndGlobal
