
Microsoft Visual Studio Solution File, Format Version 12.00
# Visual Studio Version 16
VisualStudioVersion = 16.0.30611.23
MinimumVisualStudioVersion = 10.0.40219.1
Project("{FAE04EC0-301F-11D3-BF4B-00C04F79EFBC}") = "Контрольная работа (Компьютерная графика)", "Контрольная работа (Компьютерная графика)\Контрольная работа (Компьютерная графика).csproj", "{704CFA1D-64A5-4E76-92C8-DD2AD1370772}"
EndProject
Global
	GlobalSection(SolutionConfigurationPlatforms) = preSolution
		Debug|Any CPU = Debug|Any CPU
		Release|Any CPU = Release|Any CPU
	EndGlobalSection
	GlobalSection(ProjectConfigurationPlatforms) = postSolution
		{704CFA1D-64A5-4E76-92C8-DD2AD1370772}.Debug|Any CPU.ActiveCfg = Debug|Any CPU
		{704CFA1D-64A5-4E76-92C8-DD2AD1370772}.Debug|Any CPU.Build.0 = Debug|Any CPU
		{704CFA1D-64A5-4E76-92C8-DD2AD1370772}.Release|Any CPU.ActiveCfg = Release|Any CPU
		{704CFA1D-64A5-4E76-92C8-DD2AD1370772}.Release|Any CPU.Build.0 = Release|Any CPU
	EndGlobalSection
	GlobalSection(SolutionProperties) = preSolution
		HideSolutionNode = FALSE
	EndGlobalSection
	GlobalSection(ExtensibilityGlobals) = postSolution
		SolutionGuid = {07FCB921-A479-4AE6-BF69-1B4C1F42337A}
	EndGlobalSection
EndGlobal
